
Microsoft Visual Studio Solution File, Format Version 12.00
# Visual Studio Version 17
VisualStudioVersion = 17.11.35222.181
MinimumVisualStudioVersion = 10.0.40219.1
Project("{9A19103F-16F7-4668-BE54-9A1E7A4F7556}") = "WEB_253502_KRASYOV.UI", "WEB_253502_KRASYOV.UI\WEB_253502_KRASYOV.UI.csproj", "{B152E248-2E3F-4CB7-82C4-C4A971514BBC}"
EndProject
Project("{9A19103F-16F7-4668-BE54-9A1E7A4F7556}") = "WEB_253502_KRASYOV.Domain", "WEB_253502_KRASYOV.Domain\WEB_253502_KRASYOV.Domain.csproj", "{707636B6-BE20-4AF0-A898-B60D3254D158}"
EndProject
Project("{9A19103F-16F7-4668-BE54-9A1E7A4F7556}") = "WEB_253502_KRASYOV.API", "WEB_253502_KRASYOV.API\WEB_253502_KRASYOV.API.csproj", "{D2C74CC5-A422-4FDB-B4D9-EE3A412446A1}"
EndProject
Project("{9A19103F-16F7-4668-BE54-9A1E7A4F7556}") = "WEB_253502_KRASYOV.Tests", "WEB_253502_KRASYOV.Tests\WEB_253502_KRASYOV.Tests.csproj", "{5F4EF059-F98E-4D4F-92C1-F676546F074B}"
EndProject
Project("{9A19103F-16F7-4668-BE54-9A1E7A4F7556}") = "WEB_253502_KRASYOV.Blazor.SSR", "WEB_253502_KRASYOV.Blazor.SSR\WEB_253502_KRASYOV.Blazor.SSR.csproj", "{345339E3-820B-4FD3-82C0-8E0452E421C2}"
EndProject
Project("{9A19103F-16F7-4668-BE54-9A1E7A4F7556}") = "WEB_253502_KRASYOV.BlazorWasm", "WEB_253502_KRASYOV.BlazorWasm\WEB_253502_KRASYOV.BlazorWasm.csproj", "{67C7804B-5FF8-46E2-9515-D1C45F03AC73}"
EndProject
Global
	GlobalSection(SolutionConfigurationPlatforms) = preSolution
		Debug|Any CPU = Debug|Any CPU
		Release|Any CPU = Release|Any CPU
	EndGlobalSection
	GlobalSection(ProjectConfigurationPlatforms) = postSolution
		{B152E248-2E3F-4CB7-82C4-C4A971514BBC}.Debug|Any CPU.ActiveCfg = Debug|Any CPU
		{B152E248-2E3F-4CB7-82C4-C4A971514BBC}.Debug|Any CPU.Build.0 = Debug|Any CPU
		{B152E248-2E3F-4CB7-82C4-C4A971514BBC}.Release|Any CPU.ActiveCfg = Release|Any CPU
		{B152E248-2E3F-4CB7-82C4-C4A971514BBC}.Release|Any CPU.Build.0 = Release|Any CPU
		{707636B6-BE20-4AF0-A898-B60D3254D158}.Debug|Any CPU.ActiveCfg = Debug|Any CPU
		{707636B6-BE20-4AF0-A898-B60D3254D158}.Debug|Any CPU.Build.0 = Debug|Any CPU
		{707636B6-BE20-4AF0-A898-B60D3254D158}.Release|Any CPU.ActiveCfg = Release|Any CPU
		{707636B6-BE20-4AF0-A898-B60D3254D158}.Release|Any CPU.Build.0 = Release|Any CPU
		{D2C74CC5-A422-4FDB-B4D9-EE3A412446A1}.Debug|Any CPU.ActiveCfg = Debug|Any CPU
		{D2C74CC5-A422-4FDB-B4D9-EE3A412446A1}.Debug|Any CPU.Build.0 = Debug|Any CPU
		{D2C74CC5-A422-4FDB-B4D9-EE3A412446A1}.Release|Any CPU.ActiveCfg = Release|Any CPU
		{D2C74CC5-A422-4FDB-B4D9-EE3A412446A1}.Release|Any CPU.Build.0 = Release|Any CPU
		{5F4EF059-F98E-4D4F-92C1-F676546F074B}.Debug|Any CPU.ActiveCfg = Debug|Any CPU
		{5F4EF059-F98E-4D4F-92C1-F676546F074B}.Debug|Any CPU.Build.0 = Debug|Any CPU
		{5F4EF059-F98E-4D4F-92C1-F676546F074B}.Release|Any CPU.ActiveCfg = Release|Any CPU
		{5F4EF059-F98E-4D4F-92C1-F676546F074B}.Release|Any CPU.Build.0 = Release|Any CPU
		{345339E3-820B-4FD3-82C0-8E0452E421C2}.Debug|Any CPU.ActiveCfg = Debug|Any CPU
		{345339E3-820B-4FD3-82C0-8E0452E421C2}.Debug|Any CPU.Build.0 = Debug|Any CPU
		{345339E3-820B-4FD3-82C0-8E0452E421C2}.Release|Any CPU.ActiveCfg = Release|Any CPU
		{345339E3-820B-4FD3-82C0-8E0452E421C2}.Release|Any CPU.Build.0 = Release|Any CPU
		{67C7804B-5FF8-46E2-9515-D1C45F03AC73}.Debug|Any CPU.ActiveCfg = Debug|Any CPU
		{67C7804B-5FF8-46E2-9515-D1C45F03AC73}.Debug|Any CPU.Build.0 = Debug|Any CPU
		{67C7804B-5FF8-46E2-9515-D1C45F03AC73}.Release|Any CPU.ActiveCfg = Release|Any CPU
		{67C7804B-5FF8-46E2-9515-D1C45F03AC73}.Release|Any CPU.Build.0 = Release|Any CPU
	EndGlobalSection
	GlobalSection(SolutionProperties) = preSolution
		HideSolutionNode = FALSE
	EndGlobalSection
	GlobalSection(ExtensibilityGlobals) = postSolution
		SolutionGuid = {5C9E46C6-A6A1-4A40-8D94-4D082AC5750F}
	EndGlobalSection
EndGlobal
